
Microsoft Visual Studio Solution File, Format Version 12.00
# Visual Studio Version 17
VisualStudioVersion = 17.1.32414.318
MinimumVisualStudioVersion = 10.0.40219.1
Project("{FAE04EC0-301F-11D3-BF4B-00C04F79EFBC}") = "Lab2", "Lab2\Lab2.csproj", "{36904DA1-9444-4F23-A82F-8DDE14806C8E}"
EndProject
Global
	GlobalSection(SolutionConfigurationPlatforms) = preSolution
		Debug|Any CPU = Debug|Any CPU
		Release|Any CPU = Release|Any CPU
	EndGlobalSection
	GlobalSection(ProjectConfigurationPlatforms) = postSolution
		{36904DA1-9444-4F23-A82F-8DDE14806C8E}.Debug|Any CPU.ActiveCfg = Debug|Any CPU
		{36904DA1-9444-4F23-A82F-8DDE14806C8E}.Debug|Any CPU.Build.0 = Debug|Any CPU
		{36904DA1-9444-4F23-A82F-8DDE14806C8E}.Release|Any CPU.ActiveCfg = Release|Any CPU
		{36904DA1-9444-4F23-A82F-8DDE14806C8E}.Release|Any CPU.Build.0 = Release|Any CPU
	EndGlobalSection
	GlobalSection(SolutionProperties) = preSolution
		HideSolutionNode = FALSE
	EndGlobalSection
	GlobalSection(ExtensibilityGlobals) = postSolution
		SolutionGuid = {DEE63680-8B18-4BC2-85CF-29870F994E3E}
	EndGlobalSection
EndGlobal
